
Microsoft Visual Studio Solution File, Format Version 12.00
# Visual Studio 15
VisualStudioVersion = 15.0.27004.2009
MinimumVisualStudioVersion = 10.0.40219.1
Project("{FAE04EC0-301F-11D3-BF4B-00C04F79EFBC}") = "Credit Count", "Credit Count\Credit Count.csproj", "{A8DC940B-31C9-459E-89A7-A0B3B0552362}"
EndProject
Global
	GlobalSection(SolutionConfigurationPlatforms) = preSolution
		Debug|Any CPU = Debug|Any CPU
		Release|Any CPU = Release|Any CPU
	EndGlobalSection
	GlobalSection(ProjectConfigurationPlatforms) = postSolution
		{A8DC940B-31C9-459E-89A7-A0B3B0552362}.Debug|Any CPU.ActiveCfg = Debug|Any CPU
		{A8DC940B-31C9-459E-89A7-A0B3B0552362}.Debug|Any CPU.Build.0 = Debug|Any CPU
		{A8DC940B-31C9-459E-89A7-A0B3B0552362}.Release|Any CPU.ActiveCfg = Release|Any CPU
		{A8DC940B-31C9-459E-89A7-A0B3B0552362}.Release|Any CPU.Build.0 = Release|Any CPU
	EndGlobalSection
	GlobalSection(SolutionProperties) = preSolution
		HideSolutionNode = FALSE
	EndGlobalSection
	GlobalSection(ExtensibilityGlobals) = postSolution
		SolutionGuid = {CDFE31A4-AFA1-40AA-A9A7-DD5866B74BED}
	EndGlobalSection
EndGlobal
